
Microsoft Visual Studio Solution File, Format Version 12.00
# Visual Studio 2013
VisualStudioVersion = 12.0.31101.0
MinimumVisualStudioVersion = 10.0.40219.1
Project("{9092AA53-FB77-4645-B42D-1CCCA6BD08BD}") = "zClub", "zClub.njsproj", "{CC7BC608-5189-42A1-B403-8E0334341396}"
EndProject
Global
	GlobalSection(SolutionConfigurationPlatforms) = preSolution
		Debug|Any CPU = Debug|Any CPU
		Release|Any CPU = Release|Any CPU
	EndGlobalSection
	GlobalSection(ProjectConfigurationPlatforms) = postSolution
		{CC7BC608-5189-42A1-B403-8E0334341396}.Debug|Any CPU.ActiveCfg = Debug|Any CPU
		{CC7BC608-5189-42A1-B403-8E0334341396}.Debug|Any CPU.Build.0 = Debug|Any CPU
		{CC7BC608-5189-42A1-B403-8E0334341396}.Release|Any CPU.ActiveCfg = Release|Any CPU
		{CC7BC608-5189-42A1-B403-8E0334341396}.Release|Any CPU.Build.0 = Release|Any CPU
	EndGlobalSection
	GlobalSection(SolutionProperties) = preSolution
		HideSolutionNode = FALSE
	EndGlobalSection
EndGlobal
